
Microsoft Visual Studio Solution File, Format Version 12.00
# Visual Studio Version 16
VisualStudioVersion = 16.0.30503.244
MinimumVisualStudioVersion = 10.0.40219.1
Project("{FAE04EC0-301F-11D3-BF4B-00C04F79EFBC}") = "oop2", "oop2\oop2.csproj", "{F7A5EFE7-856F-4E27-B433-48781ABBD1FB}"
EndProject
Global
	GlobalSection(SolutionConfigurationPlatforms) = preSolution
		Debug|Any CPU = Debug|Any CPU
		Release|Any CPU = Release|Any CPU
	EndGlobalSection
	GlobalSection(ProjectConfigurationPlatforms) = postSolution
		{F7A5EFE7-856F-4E27-B433-48781ABBD1FB}.Debug|Any CPU.ActiveCfg = Debug|Any CPU
		{F7A5EFE7-856F-4E27-B433-48781ABBD1FB}.Debug|Any CPU.Build.0 = Debug|Any CPU
		{F7A5EFE7-856F-4E27-B433-48781ABBD1FB}.Release|Any CPU.ActiveCfg = Release|Any CPU
		{F7A5EFE7-856F-4E27-B433-48781ABBD1FB}.Release|Any CPU.Build.0 = Release|Any CPU
	EndGlobalSection
	GlobalSection(SolutionProperties) = preSolution
		HideSolutionNode = FALSE
	EndGlobalSection
	GlobalSection(ExtensibilityGlobals) = postSolution
		SolutionGuid = {64814E0C-9DE5-4162-BDDE-AB17AD7C722C}
	EndGlobalSection
EndGlobal
