
Microsoft Visual Studio Solution File, Format Version 12.00
# Visual Studio Version 16
VisualStudioVersion = 16.0.30503.244
MinimumVisualStudioVersion = 10.0.40219.1
Project("{FAE04EC0-301F-11D3-BF4B-00C04F79EFBC}") = "polimorfidemo", "polimorfidemo\polimorfidemo.csproj", "{8B422049-720E-40EB-8DFA-6D7620E5CC0D}"
EndProject
Global
	GlobalSection(SolutionConfigurationPlatforms) = preSolution
		Debug|Any CPU = Debug|Any CPU
		Release|Any CPU = Release|Any CPU
	EndGlobalSection
	GlobalSection(ProjectConfigurationPlatforms) = postSolution
		{8B422049-720E-40EB-8DFA-6D7620E5CC0D}.Debug|Any CPU.ActiveCfg = Debug|Any CPU
		{8B422049-720E-40EB-8DFA-6D7620E5CC0D}.Debug|Any CPU.Build.0 = Debug|Any CPU
		{8B422049-720E-40EB-8DFA-6D7620E5CC0D}.Release|Any CPU.ActiveCfg = Release|Any CPU
		{8B422049-720E-40EB-8DFA-6D7620E5CC0D}.Release|Any CPU.Build.0 = Release|Any CPU
	EndGlobalSection
	GlobalSection(SolutionProperties) = preSolution
		HideSolutionNode = FALSE
	EndGlobalSection
	GlobalSection(ExtensibilityGlobals) = postSolution
		SolutionGuid = {C87B2FA6-DC77-46DB-BE98-D52141A87439}
	EndGlobalSection
EndGlobal
